
Microsoft Visual Studio Solution File, Format Version 12.00
# Visual Studio Version 17
VisualStudioVersion = 17.10.35013.160
MinimumVisualStudioVersion = 10.0.40219.1
Project("{FAE04EC0-301F-11D3-BF4B-00C04F79EFBC}") = "MagicLandExplorer", "MagicLandExplorer\MagicLandExplorer.csproj", "{3B2D5A9F-AE4E-464F-ACB7-E9E50463111D}"
EndProject
Global
	GlobalSection(SolutionConfigurationPlatforms) = preSolution
		Debug|Any CPU = Debug|Any CPU
		Release|Any CPU = Release|Any CPU
	EndGlobalSection
	GlobalSection(ProjectConfigurationPlatforms) = postSolution
		{3B2D5A9F-AE4E-464F-ACB7-E9E50463111D}.Debug|Any CPU.ActiveCfg = Debug|Any CPU
		{3B2D5A9F-AE4E-464F-ACB7-E9E50463111D}.Debug|Any CPU.Build.0 = Debug|Any CPU
		{3B2D5A9F-AE4E-464F-ACB7-E9E50463111D}.Release|Any CPU.ActiveCfg = Release|Any CPU
		{3B2D5A9F-AE4E-464F-ACB7-E9E50463111D}.Release|Any CPU.Build.0 = Release|Any CPU
	EndGlobalSection
	GlobalSection(SolutionProperties) = preSolution
		HideSolutionNode = FALSE
	EndGlobalSection
	GlobalSection(ExtensibilityGlobals) = postSolution
		SolutionGuid = {E5E482D5-1073-4F0E-97A0-2109CE6AB631}
	EndGlobalSection
EndGlobal
